
Microsoft Visual Studio Solution File, Format Version 12.00
# Visual Studio 2012
VisualStudioVersion = 12.0.30723.0
MinimumVisualStudioVersion = 10.0.40219.1
Project("{D954291E-2A0B-460D-934E-DC6B0785DB48}") = "Sterling.Common", "Sterling.Common\Sterling.Common.shproj", "{C0D5AD7F-F924-4CC6-B3C7-73F7B4FFFD8A}"
EndProject
Project("{FAE04EC0-301F-11D3-BF4B-00C04F79EFBC}") = "Sterling.Android", "Sterling.Android\Sterling.Android.csproj", "{FD43CFCF-A8E5-4B80-B236-E25B4A33E0D5}"
EndProject
Project("{2150E333-8FDC-42A3-9474-1A3956D46DE8}") = "Solution Items", "Solution Items", "{013822BC-5766-475F-9241-76CDB85FDDD2}"
	ProjectSection(SolutionItems) = preProject
		SterlingLicense.txt = SterlingLicense.txt
	EndProjectSection
EndProject
Project("{FAE04EC0-301F-11D3-BF4B-00C04F79EFBC}") = "Sterling.Phone", "Sterling.Phone\Sterling.Phone.csproj", "{C57BBDA3-2011-4203-8B6D-543ABD052A36}"
EndProject
Project("{FAE04EC0-301F-11D3-BF4B-00C04F79EFBC}") = "Sterling.IOS", "Sterling.IOS\Sterling.IOS.csproj", "{951EABA0-8FBC-410D-91ED-6D702292DE21}"
EndProject
Global
	GlobalSection(SolutionConfigurationPlatforms) = preSolution
		Ad-Hoc|Any CPU = Ad-Hoc|Any CPU
		Ad-Hoc|ARM = Ad-Hoc|ARM
		Ad-Hoc|iPhone = Ad-Hoc|iPhone
		Ad-Hoc|iPhoneSimulator = Ad-Hoc|iPhoneSimulator
		Ad-Hoc|Mixed Platforms = Ad-Hoc|Mixed Platforms
		Ad-Hoc|x86 = Ad-Hoc|x86
		AppStore|Any CPU = AppStore|Any CPU
		AppStore|ARM = AppStore|ARM
		AppStore|iPhone = AppStore|iPhone
		AppStore|iPhoneSimulator = AppStore|iPhoneSimulator
		AppStore|Mixed Platforms = AppStore|Mixed Platforms
		AppStore|x86 = AppStore|x86
		Debug|Any CPU = Debug|Any CPU
		Debug|ARM = Debug|ARM
		Debug|iPhone = Debug|iPhone
		Debug|iPhoneSimulator = Debug|iPhoneSimulator
		Debug|Mixed Platforms = Debug|Mixed Platforms
		Debug|x86 = Debug|x86
		Release|Any CPU = Release|Any CPU
		Release|ARM = Release|ARM
		Release|iPhone = Release|iPhone
		Release|iPhoneSimulator = Release|iPhoneSimulator
		Release|Mixed Platforms = Release|Mixed Platforms
		Release|x86 = Release|x86
	EndGlobalSection
	GlobalSection(ProjectConfigurationPlatforms) = postSolution
		{951EABA0-8FBC-410D-91ED-6D702292DE21}.Ad-Hoc|Any CPU.ActiveCfg = Release|Any CPU
		{951EABA0-8FBC-410D-91ED-6D702292DE21}.Ad-Hoc|Any CPU.Build.0 = Release|Any CPU
		{951EABA0-8FBC-410D-91ED-6D702292DE21}.Ad-Hoc|ARM.ActiveCfg = Release|Any CPU
		{951EABA0-8FBC-410D-91ED-6D702292DE21}.Ad-Hoc|ARM.Build.0 = Release|Any CPU
		{951EABA0-8FBC-410D-91ED-6D702292DE21}.Ad-Hoc|iPhone.ActiveCfg = Debug|Any CPU
		{951EABA0-8FBC-410D-91ED-6D702292DE21}.Ad-Hoc|iPhone.Build.0 = Debug|Any CPU
		{951EABA0-8FBC-410D-91ED-6D702292DE21}.Ad-Hoc|iPhoneSimulator.ActiveCfg = Release|Any CPU
		{951EABA0-8FBC-410D-91ED-6D702292DE21}.Ad-Hoc|iPhoneSimulator.Build.0 = Release|Any CPU
		{951EABA0-8FBC-410D-91ED-6D702292DE21}.Ad-Hoc|Mixed Platforms.ActiveCfg = Release|Any CPU
		{951EABA0-8FBC-410D-91ED-6D702292DE21}.Ad-Hoc|Mixed Platforms.Build.0 = Release|Any CPU
		{951EABA0-8FBC-410D-91ED-6D702292DE21}.Ad-Hoc|x86.ActiveCfg = Release|Any CPU
		{951EABA0-8FBC-410D-91ED-6D702292DE21}.Ad-Hoc|x86.Build.0 = Release|Any CPU
		{951EABA0-8FBC-410D-91ED-6D702292DE21}.AppStore|Any CPU.ActiveCfg = Release|Any CPU
		{951EABA0-8FBC-410D-91ED-6D702292DE21}.AppStore|Any CPU.Build.0 = Release|Any CPU
		{951EABA0-8FBC-410D-91ED-6D702292DE21}.AppStore|ARM.ActiveCfg = Release|Any CPU
		{951EABA0-8FBC-410D-91ED-6D702292DE21}.AppStore|ARM.Build.0 = Release|Any CPU
		{951EABA0-8FBC-410D-91ED-6D702292DE21}.AppStore|iPhone.ActiveCfg = Debug|Any CPU
		{951EABA0-8FBC-410D-91ED-6D702292DE21}.AppStore|iPhone.Build.0 = Debug|Any CPU
		{951EABA0-8FBC-410D-91ED-6D702292DE21}.AppStore|iPhoneSimulator.ActiveCfg = Release|Any CPU
		{951EABA0-8FBC-410D-91ED-6D702292DE21}.AppStore|iPhoneSimulator.Build.0 = Release|Any CPU
		{951EABA0-8FBC-410D-91ED-6D702292DE21}.AppStore|Mixed Platforms.ActiveCfg = Release|Any CPU
		{951EABA0-8FBC-410D-91ED-6D702292DE21}.AppStore|Mixed Platforms.Build.0 = Release|Any CPU
		{951EABA0-8FBC-410D-91ED-6D702292DE21}.AppStore|x86.ActiveCfg = Release|Any CPU
		{951EABA0-8FBC-410D-91ED-6D702292DE21}.AppStore|x86.Build.0 = Release|Any CPU
		{951EABA0-8FBC-410D-91ED-6D702292DE21}.Debug|Any CPU.ActiveCfg = Debug|Any CPU
		{951EABA0-8FBC-410D-91ED-6D702292DE21}.Debug|Any CPU.Build.0 = Debug|Any CPU
		{951EABA0-8FBC-410D-91ED-6D702292DE21}.Debug|ARM.ActiveCfg = Debug|Any CPU
		{951EABA0-8FBC-410D-91ED-6D702292DE21}.Debug|ARM.Build.0 = Debug|Any CPU
		{951EABA0-8FBC-410D-91ED-6D702292DE21}.Debug|iPhone.ActiveCfg = Debug|Any CPU
		{951EABA0-8FBC-410D-91ED-6D702292DE21}.Debug|iPhone.Build.0 = Debug|Any CPU
		{951EABA0-8FBC-410D-91ED-6D702292DE21}.Debug|iPhoneSimulator.ActiveCfg = Debug|Any CPU
		{951EABA0-8FBC-410D-91ED-6D702292DE21}.Debug|iPhoneSimulator.Build.0 = Debug|Any CPU
		{951EABA0-8FBC-410D-91ED-6D702292DE21}.Debug|Mixed Platforms.ActiveCfg = Debug|Any CPU
		{951EABA0-8FBC-410D-91ED-6D702292DE21}.Debug|Mixed Platforms.Build.0 = Debug|Any CPU
		{951EABA0-8FBC-410D-91ED-6D702292DE21}.Debug|x86.ActiveCfg = Debug|Any CPU
		{951EABA0-8FBC-410D-91ED-6D702292DE21}.Debug|x86.Build.0 = Debug|Any CPU
		{951EABA0-8FBC-410D-91ED-6D702292DE21}.Release|Any CPU.ActiveCfg = Release|Any CPU
		{951EABA0-8FBC-410D-91ED-6D702292DE21}.Release|Any CPU.Build.0 = Release|Any CPU
		{951EABA0-8FBC-410D-91ED-6D702292DE21}.Release|ARM.ActiveCfg = Release|Any CPU
		{951EABA0-8FBC-410D-91ED-6D702292DE21}.Release|ARM.Build.0 = Release|Any CPU
		{951EABA0-8FBC-410D-91ED-6D702292DE21}.Release|iPhone.ActiveCfg = Release|Any CPU
		{951EABA0-8FBC-410D-91ED-6D702292DE21}.Release|iPhone.Build.0 = Release|Any CPU
		{951EABA0-8FBC-410D-91ED-6D702292DE21}.Release|iPhoneSimulator.ActiveCfg = Release|Any CPU
		{951EABA0-8FBC-410D-91ED-6D702292DE21}.Release|iPhoneSimulator.Build.0 = Release|Any CPU
		{951EABA0-8FBC-410D-91ED-6D702292DE21}.Release|Mixed Platforms.ActiveCfg = Release|Any CPU
		{951EABA0-8FBC-410D-91ED-6D702292DE21}.Release|Mixed Platforms.Build.0 = Release|Any CPU
		{951EABA0-8FBC-410D-91ED-6D702292DE21}.Release|x86.ActiveCfg = Release|Any CPU
		{951EABA0-8FBC-410D-91ED-6D702292DE21}.Release|x86.Build.0 = Release|Any CPU
		{C57BBDA3-2011-4203-8B6D-543ABD052A36}.Ad-Hoc|Any CPU.ActiveCfg = Release|Any CPU
		{C57BBDA3-2011-4203-8B6D-543ABD052A36}.Ad-Hoc|Any CPU.Build.0 = Release|Any CPU
		{C57BBDA3-2011-4203-8B6D-543ABD052A36}.Ad-Hoc|ARM.ActiveCfg = Release|ARM
		{C57BBDA3-2011-4203-8B6D-543ABD052A36}.Ad-Hoc|ARM.Build.0 = Release|ARM
		{C57BBDA3-2011-4203-8B6D-543ABD052A36}.Ad-Hoc|iPhone.ActiveCfg = Release|Any CPU
		{C57BBDA3-2011-4203-8B6D-543ABD052A36}.Ad-Hoc|iPhoneSimulator.ActiveCfg = Release|Any CPU
		{C57BBDA3-2011-4203-8B6D-543ABD052A36}.Ad-Hoc|Mixed Platforms.ActiveCfg = Release|x86
		{C57BBDA3-2011-4203-8B6D-543ABD052A36}.Ad-Hoc|Mixed Platforms.Build.0 = Release|x86
		{C57BBDA3-2011-4203-8B6D-543ABD052A36}.Ad-Hoc|x86.ActiveCfg = Release|x86
		{C57BBDA3-2011-4203-8B6D-543ABD052A36}.Ad-Hoc|x86.Build.0 = Release|x86
		{C57BBDA3-2011-4203-8B6D-543ABD052A36}.AppStore|Any CPU.ActiveCfg = Release|Any CPU
		{C57BBDA3-2011-4203-8B6D-543ABD052A36}.AppStore|Any CPU.Build.0 = Release|Any CPU
		{C57BBDA3-2011-4203-8B6D-543ABD052A36}.AppStore|ARM.ActiveCfg = Release|ARM
		{C57BBDA3-2011-4203-8B6D-543ABD052A36}.AppStore|ARM.Build.0 = Release|ARM
		{C57BBDA3-2011-4203-8B6D-543ABD052A36}.AppStore|iPhone.ActiveCfg = Release|Any CPU
		{C57BBDA3-2011-4203-8B6D-543ABD052A36}.AppStore|iPhoneSimulator.ActiveCfg = Release|Any CPU
		{C57BBDA3-2011-4203-8B6D-543ABD052A36}.AppStore|Mixed Platforms.ActiveCfg = Release|x86
		{C57BBDA3-2011-4203-8B6D-543ABD052A36}.AppStore|Mixed Platforms.Build.0 = Release|x86
		{C57BBDA3-2011-4203-8B6D-543ABD052A36}.AppStore|x86.ActiveCfg = Release|x86
		{C57BBDA3-2011-4203-8B6D-543ABD052A36}.AppStore|x86.Build.0 = Release|x86
		{C57BBDA3-2011-4203-8B6D-543ABD052A36}.Debug|Any CPU.ActiveCfg = Debug|Any CPU
		{C57BBDA3-2011-4203-8B6D-543ABD052A36}.Debug|Any CPU.Build.0 = Debug|Any CPU
		{C57BBDA3-2011-4203-8B6D-543ABD052A36}.Debug|ARM.ActiveCfg = Debug|ARM
		{C57BBDA3-2011-4203-8B6D-543ABD052A36}.Debug|ARM.Build.0 = Debug|ARM
		{C57BBDA3-2011-4203-8B6D-543ABD052A36}.Debug|iPhone.ActiveCfg = Debug|Any CPU
		{C57BBDA3-2011-4203-8B6D-543ABD052A36}.Debug|iPhoneSimulator.ActiveCfg = Debug|Any CPU
		{C57BBDA3-2011-4203-8B6D-543ABD052A36}.Debug|Mixed Platforms.ActiveCfg = Debug|x86
		{C57BBDA3-2011-4203-8B6D-543ABD052A36}.Debug|Mixed Platforms.Build.0 = Debug|x86
		{C57BBDA3-2011-4203-8B6D-543ABD052A36}.Debug|x86.ActiveCfg = Debug|x86
		{C57BBDA3-2011-4203-8B6D-543ABD052A36}.Debug|x86.Build.0 = Debug|x86
		{C57BBDA3-2011-4203-8B6D-543ABD052A36}.Release|Any CPU.ActiveCfg = Release|Any CPU
		{C57BBDA3-2011-4203-8B6D-543ABD052A36}.Release|Any CPU.Build.0 = Release|Any CPU
		{C57BBDA3-2011-4203-8B6D-543ABD052A36}.Release|ARM.ActiveCfg = Release|ARM
		{C57BBDA3-2011-4203-8B6D-543ABD052A36}.Release|ARM.Build.0 = Release|ARM
		{C57BBDA3-2011-4203-8B6D-543ABD052A36}.Release|iPhone.ActiveCfg = Release|Any CPU
		{C57BBDA3-2011-4203-8B6D-543ABD052A36}.Release|iPhoneSimulator.ActiveCfg = Release|Any CPU
		{C57BBDA3-2011-4203-8B6D-543ABD052A36}.Release|Mixed Platforms.ActiveCfg = Release|x86
		{C57BBDA3-2011-4203-8B6D-543ABD052A36}.Release|Mixed Platforms.Build.0 = Release|x86
		{C57BBDA3-2011-4203-8B6D-543ABD052A36}.Release|x86.ActiveCfg = Release|x86
		{C57BBDA3-2011-4203-8B6D-543ABD052A36}.Release|x86.Build.0 = Release|x86
		{FD43CFCF-A8E5-4B80-B236-E25B4A33E0D5}.Ad-Hoc|Any CPU.ActiveCfg = Release|Any CPU
		{FD43CFCF-A8E5-4B80-B236-E25B4A33E0D5}.Ad-Hoc|Any CPU.Build.0 = Release|Any CPU
		{FD43CFCF-A8E5-4B80-B236-E25B4A33E0D5}.Ad-Hoc|ARM.ActiveCfg = Release|Any CPU
		{FD43CFCF-A8E5-4B80-B236-E25B4A33E0D5}.Ad-Hoc|iPhone.ActiveCfg = Debug|Any CPU
		{FD43CFCF-A8E5-4B80-B236-E25B4A33E0D5}.Ad-Hoc|iPhone.Build.0 = Debug|Any CPU
		{FD43CFCF-A8E5-4B80-B236-E25B4A33E0D5}.Ad-Hoc|iPhoneSimulator.ActiveCfg = Release|Any CPU
		{FD43CFCF-A8E5-4B80-B236-E25B4A33E0D5}.Ad-Hoc|Mixed Platforms.ActiveCfg = Release|Any CPU
		{FD43CFCF-A8E5-4B80-B236-E25B4A33E0D5}.Ad-Hoc|Mixed Platforms.Build.0 = Release|Any CPU
		{FD43CFCF-A8E5-4B80-B236-E25B4A33E0D5}.Ad-Hoc|x86.ActiveCfg = Release|Any CPU
		{FD43CFCF-A8E5-4B80-B236-E25B4A33E0D5}.AppStore|Any CPU.ActiveCfg = Release|Any CPU
		{FD43CFCF-A8E5-4B80-B236-E25B4A33E0D5}.AppStore|Any CPU.Build.0 = Release|Any CPU
		{FD43CFCF-A8E5-4B80-B236-E25B4A33E0D5}.AppStore|ARM.ActiveCfg = Release|Any CPU
		{FD43CFCF-A8E5-4B80-B236-E25B4A33E0D5}.AppStore|iPhone.ActiveCfg = Debug|Any CPU
		{FD43CFCF-A8E5-4B80-B236-E25B4A33E0D5}.AppStore|iPhone.Build.0 = Debug|Any CPU
		{FD43CFCF-A8E5-4B80-B236-E25B4A33E0D5}.AppStore|iPhoneSimulator.ActiveCfg = Release|Any CPU
		{FD43CFCF-A8E5-4B80-B236-E25B4A33E0D5}.AppStore|Mixed Platforms.ActiveCfg = Release|Any CPU
		{FD43CFCF-A8E5-4B80-B236-E25B4A33E0D5}.AppStore|Mixed Platforms.Build.0 = Release|Any CPU
		{FD43CFCF-A8E5-4B80-B236-E25B4A33E0D5}.AppStore|x86.ActiveCfg = Release|Any CPU
		{FD43CFCF-A8E5-4B80-B236-E25B4A33E0D5}.Debug|Any CPU.ActiveCfg = Debug|Any CPU
		{FD43CFCF-A8E5-4B80-B236-E25B4A33E0D5}.Debug|Any CPU.Build.0 = Debug|Any CPU
		{FD43CFCF-A8E5-4B80-B236-E25B4A33E0D5}.Debug|ARM.ActiveCfg = Debug|Any CPU
		{FD43CFCF-A8E5-4B80-B236-E25B4A33E0D5}.Debug|iPhone.ActiveCfg = Debug|Any CPU
		{FD43CFCF-A8E5-4B80-B236-E25B4A33E0D5}.Debug|iPhone.Build.0 = Debug|Any CPU
		{FD43CFCF-A8E5-4B80-B236-E25B4A33E0D5}.Debug|iPhoneSimulator.ActiveCfg = Debug|Any CPU
		{FD43CFCF-A8E5-4B80-B236-E25B4A33E0D5}.Debug|iPhoneSimulator.Build.0 = Debug|Any CPU
		{FD43CFCF-A8E5-4B80-B236-E25B4A33E0D5}.Debug|Mixed Platforms.ActiveCfg = Debug|Any CPU
		{FD43CFCF-A8E5-4B80-B236-E25B4A33E0D5}.Debug|Mixed Platforms.Build.0 = Debug|Any CPU
		{FD43CFCF-A8E5-4B80-B236-E25B4A33E0D5}.Debug|x86.ActiveCfg = Debug|Any CPU
		{FD43CFCF-A8E5-4B80-B236-E25B4A33E0D5}.Release|Any CPU.ActiveCfg = Release|Any CPU
		{FD43CFCF-A8E5-4B80-B236-E25B4A33E0D5}.Release|Any CPU.Build.0 = Release|Any CPU
		{FD43CFCF-A8E5-4B80-B236-E25B4A33E0D5}.Release|ARM.ActiveCfg = Release|Any CPU
		{FD43CFCF-A8E5-4B80-B236-E25B4A33E0D5}.Release|iPhone.ActiveCfg = Release|Any CPU
		{FD43CFCF-A8E5-4B80-B236-E25B4A33E0D5}.Release|iPhone.Build.0 = Release|Any CPU
		{FD43CFCF-A8E5-4B80-B236-E25B4A33E0D5}.Release|iPhoneSimulator.ActiveCfg = Release|Any CPU
		{FD43CFCF-A8E5-4B80-B236-E25B4A33E0D5}.Release|iPhoneSimulator.Build.0 = Release|Any CPU
		{FD43CFCF-A8E5-4B80-B236-E25B4A33E0D5}.Release|Mixed Platforms.ActiveCfg = Release|Any CPU
		{FD43CFCF-A8E5-4B80-B236-E25B4A33E0D5}.Release|Mixed Platforms.Build.0 = Release|Any CPU
		{FD43CFCF-A8E5-4B80-B236-E25B4A33E0D5}.Release|x86.ActiveCfg = Release|Any CPU
	EndGlobalSection
	GlobalSection(NestedProjects) = preSolution
	EndGlobalSection
	GlobalSection(SharedMSBuildProjectFiles) = preSolution
		Sterling.Common\Sterling.Common.projitems*{b90abee3-5d1f-46fa-8bee-40c1c9d4e648}*SharedItemsImports = 4
		Sterling.Common\Sterling.Common.projitems*{c57bbda3-2011-4203-8b6d-543abd052a36}*SharedItemsImports = 4
		Sterling.Common\Sterling.Common.projitems*{fd43cfcf-a8e5-4b80-b236-e25b4a33e0d5}*SharedItemsImports = 4
		Sterling.Common.UnitTest\Sterling.Common.UnitTest.projitems*{2394b3a5-7c4e-451e-bee9-8c781216c27c}*SharedItemsImports = 4
		Sterling.Common.UnitTest\Sterling.Common.UnitTest.projitems*{a8e41487-1ad3-4e1a-b322-478257669646}*SharedItemsImports = 4
		Sterling.Common.UnitTest\Sterling.Common.UnitTest.projitems*{1d6dcbd6-1066-4bb8-a86f-f240a319dbcb}*SharedItemsImports = 13
		Sterling.Common.UnitTest\Sterling.Common.UnitTest.projitems*{0bbe4a47-dbfb-4208-9f48-dbd54649903b}*SharedItemsImports = 4
		Sterling.Common\Sterling.Common.projitems*{c0d5ad7f-f924-4cc6-b3c7-73f7b4fffd8a}*SharedItemsImports = 13
	EndGlobalSection
	GlobalSection(SolutionProperties) = preSolution
		HideSolutionNode = FALSE
	EndGlobalSection
EndGlobal
