
Microsoft Visual Studio Solution File, Format Version 12.00
# Visual Studio 2012
Project("{FAE04EC0-301F-11D3-BF4B-00C04F79EFBC}") = "Sterling.Demo.Android", "Sterling.Demo.Android\Sterling.Demo.Android.csproj", "{7E608621-3498-407F-B9D7-963CB6F7EF7C}"
EndProject
Project("{FAE04EC0-301F-11D3-BF4B-00C04F79EFBC}") = "Sterling.Demo.IOS", "Sterling.Demo.IOS\Sterling.Demo.IOS.csproj", "{B2C1F7FE-99F6-4535-9F37-47C1320FEBF6}"
EndProject
Project("{D954291E-2A0B-460D-934E-DC6B0785DB48}") = "Sterling.Demo.Shared", "Sterling.Demo.Shared\Sterling.Demo.Shared.shproj", "{C5049146-F17B-4D91-8FA1-73A1FB2A246A}"
EndProject
Global
	GlobalSection(SolutionConfigurationPlatforms) = preSolution
		Debug|Any CPU = Debug|Any CPU
		Release|Any CPU = Release|Any CPU
		Debug|iPhoneSimulator = Debug|iPhoneSimulator
		Release|iPhoneSimulator = Release|iPhoneSimulator
		Debug|iPhone = Debug|iPhone
		Release|iPhone = Release|iPhone
		Ad-Hoc|iPhone = Ad-Hoc|iPhone
		AppStore|iPhone = AppStore|iPhone
	EndGlobalSection
	GlobalSection(ProjectConfigurationPlatforms) = postSolution
		{7E608621-3498-407F-B9D7-963CB6F7EF7C}.Ad-Hoc|iPhone.ActiveCfg = Debug|Any CPU
		{7E608621-3498-407F-B9D7-963CB6F7EF7C}.Ad-Hoc|iPhone.Build.0 = Debug|Any CPU
		{7E608621-3498-407F-B9D7-963CB6F7EF7C}.AppStore|iPhone.ActiveCfg = Debug|Any CPU
		{7E608621-3498-407F-B9D7-963CB6F7EF7C}.AppStore|iPhone.Build.0 = Debug|Any CPU
		{7E608621-3498-407F-B9D7-963CB6F7EF7C}.Debug|Any CPU.ActiveCfg = Debug|Any CPU
		{7E608621-3498-407F-B9D7-963CB6F7EF7C}.Debug|Any CPU.Build.0 = Debug|Any CPU
		{7E608621-3498-407F-B9D7-963CB6F7EF7C}.Debug|iPhone.ActiveCfg = Debug|Any CPU
		{7E608621-3498-407F-B9D7-963CB6F7EF7C}.Debug|iPhone.Build.0 = Debug|Any CPU
		{7E608621-3498-407F-B9D7-963CB6F7EF7C}.Debug|iPhoneSimulator.ActiveCfg = Debug|Any CPU
		{7E608621-3498-407F-B9D7-963CB6F7EF7C}.Debug|iPhoneSimulator.Build.0 = Debug|Any CPU
		{7E608621-3498-407F-B9D7-963CB6F7EF7C}.Release|Any CPU.ActiveCfg = Release|Any CPU
		{7E608621-3498-407F-B9D7-963CB6F7EF7C}.Release|Any CPU.Build.0 = Release|Any CPU
		{7E608621-3498-407F-B9D7-963CB6F7EF7C}.Release|iPhone.ActiveCfg = Release|Any CPU
		{7E608621-3498-407F-B9D7-963CB6F7EF7C}.Release|iPhone.Build.0 = Release|Any CPU
		{7E608621-3498-407F-B9D7-963CB6F7EF7C}.Release|iPhoneSimulator.ActiveCfg = Release|Any CPU
		{7E608621-3498-407F-B9D7-963CB6F7EF7C}.Release|iPhoneSimulator.Build.0 = Release|Any CPU
		{B2C1F7FE-99F6-4535-9F37-47C1320FEBF6}.Ad-Hoc|iPhone.ActiveCfg = Ad-Hoc|iPhone
		{B2C1F7FE-99F6-4535-9F37-47C1320FEBF6}.Ad-Hoc|iPhone.Build.0 = Ad-Hoc|iPhone
		{B2C1F7FE-99F6-4535-9F37-47C1320FEBF6}.AppStore|iPhone.ActiveCfg = AppStore|iPhone
		{B2C1F7FE-99F6-4535-9F37-47C1320FEBF6}.AppStore|iPhone.Build.0 = AppStore|iPhone
		{B2C1F7FE-99F6-4535-9F37-47C1320FEBF6}.Debug|Any CPU.ActiveCfg = Debug|iPhoneSimulator
		{B2C1F7FE-99F6-4535-9F37-47C1320FEBF6}.Debug|Any CPU.Build.0 = Debug|iPhoneSimulator
		{B2C1F7FE-99F6-4535-9F37-47C1320FEBF6}.Debug|iPhone.ActiveCfg = Debug|iPhone
		{B2C1F7FE-99F6-4535-9F37-47C1320FEBF6}.Debug|iPhone.Build.0 = Debug|iPhone
		{B2C1F7FE-99F6-4535-9F37-47C1320FEBF6}.Debug|iPhoneSimulator.ActiveCfg = Debug|iPhoneSimulator
		{B2C1F7FE-99F6-4535-9F37-47C1320FEBF6}.Debug|iPhoneSimulator.Build.0 = Debug|iPhoneSimulator
		{B2C1F7FE-99F6-4535-9F37-47C1320FEBF6}.Release|Any CPU.ActiveCfg = Release|iPhoneSimulator
		{B2C1F7FE-99F6-4535-9F37-47C1320FEBF6}.Release|Any CPU.Build.0 = Release|iPhoneSimulator
		{B2C1F7FE-99F6-4535-9F37-47C1320FEBF6}.Release|iPhone.ActiveCfg = Release|iPhone
		{B2C1F7FE-99F6-4535-9F37-47C1320FEBF6}.Release|iPhone.Build.0 = Release|iPhone
		{B2C1F7FE-99F6-4535-9F37-47C1320FEBF6}.Release|iPhoneSimulator.ActiveCfg = Release|iPhoneSimulator
		{B2C1F7FE-99F6-4535-9F37-47C1320FEBF6}.Release|iPhoneSimulator.Build.0 = Release|iPhoneSimulator
	EndGlobalSection
EndGlobal
